
Microsoft Visual Studio Solution File, Format Version 12.00
# Visual Studio Version 17
VisualStudioVersion = 17.11.35312.102
MinimumVisualStudioVersion = 10.0.40219.1
Project("{FAE04EC0-301F-11D3-BF4B-00C04F79EFBC}") = "LexiconDay01", "LexiconDay01.csproj", "{F5E9D7CD-6413-41DB-B5C0-2C4A2A1B51C2}"
EndProject
Global
	GlobalSection(SolutionConfigurationPlatforms) = preSolution
		Debug|Any CPU = Debug|Any CPU
		Release|Any CPU = Release|Any CPU
	EndGlobalSection
	GlobalSection(ProjectConfigurationPlatforms) = postSolution
		{F5E9D7CD-6413-41DB-B5C0-2C4A2A1B51C2}.Debug|Any CPU.ActiveCfg = Debug|Any CPU
		{F5E9D7CD-6413-41DB-B5C0-2C4A2A1B51C2}.Debug|Any CPU.Build.0 = Debug|Any CPU
		{F5E9D7CD-6413-41DB-B5C0-2C4A2A1B51C2}.Release|Any CPU.ActiveCfg = Release|Any CPU
		{F5E9D7CD-6413-41DB-B5C0-2C4A2A1B51C2}.Release|Any CPU.Build.0 = Release|Any CPU
	EndGlobalSection
	GlobalSection(SolutionProperties) = preSolution
		HideSolutionNode = FALSE
	EndGlobalSection
	GlobalSection(ExtensibilityGlobals) = postSolution
		SolutionGuid = {0BC3B5AC-88C3-4B7B-BEFD-40B9F134732E}
	EndGlobalSection
EndGlobal
